
Microsoft Visual Studio Solution File, Format Version 12.00
# Visual Studio Version 16
VisualStudioVersion = 16.0.29806.167
MinimumVisualStudioVersion = 10.0.40219.1
Project("{FAE04EC0-301F-11D3-BF4B-00C04F79EFBC}") = "BolkiBook", "BolkiBook.csproj", "{EBE2975E-140B-4ECA-B127-41E143C7C1E2}"
EndProject
Global
	GlobalSection(SolutionConfigurationPlatforms) = preSolution
		Debug|Any CPU = Debug|Any CPU
		Release|Any CPU = Release|Any CPU
	EndGlobalSection
	GlobalSection(ProjectConfigurationPlatforms) = postSolution
		{EBE2975E-140B-4ECA-B127-41E143C7C1E2}.Debug|Any CPU.ActiveCfg = Debug|Any CPU
		{EBE2975E-140B-4ECA-B127-41E143C7C1E2}.Debug|Any CPU.Build.0 = Debug|Any CPU
		{EBE2975E-140B-4ECA-B127-41E143C7C1E2}.Release|Any CPU.ActiveCfg = Release|Any CPU
		{EBE2975E-140B-4ECA-B127-41E143C7C1E2}.Release|Any CPU.Build.0 = Release|Any CPU
	EndGlobalSection
	GlobalSection(SolutionProperties) = preSolution
		HideSolutionNode = FALSE
	EndGlobalSection
	GlobalSection(ExtensibilityGlobals) = postSolution
		SolutionGuid = {65C96106-2EC0-4FE8-9943-AE3BCEAA23FF}
	EndGlobalSection
EndGlobal
